// !$*UTF8*$!
{
	archiveVersion = 1;
	classes = {
	};
	objectVersion = 46;
	objects = {

/* Begin PBXBuildFile section */
		E21792CC1C79002A0052D414 /* main.m in Sources */ = {isa = PBXBuildFile; fileRef = E21792CB1C79002A0052D414 /* main.m */; };
		E21792CF1C79002A0052D414 /* AppDelegate.m in Sources */ = {isa = PBXBuildFile; fileRef = E21792CE1C79002A0052D414 /* AppDelegate.m */; };
		E21792D21C79002A0052D414 /* mainViewController.m in Sources */ = {isa = PBXBuildFile; fileRef = E21792D11C79002A0052D414 /* mainViewController.m */; };
		E21792D51C79002A0052D414 /* Main.storyboard in Resources */ = {isa = PBXBuildFile; fileRef = E21792D31C79002A0052D414 /* Main.storyboard */; };
		E21792D71C79002A0052D414 /* Assets.xcassets in Resources */ = {isa = PBXBuildFile; fileRef = E21792D61C79002A0052D414 /* Assets.xcassets */; };
		E21792DA1C79002A0052D414 /* LaunchScreen.storyboard in Resources */ = {isa = PBXBuildFile; fileRef = E21792D81C79002A0052D414 /* LaunchScreen.storyboard */; };
		E21792E51C79002A0052D414 /* sake_prototypeTests.m in Sources */ = {isa = PBXBuildFile; fileRef = E21792E41C79002A0052D414 /* sake_prototypeTests.m */; };
		E21792F01C79002A0052D414 /* sake_prototypeUITests.m in Sources */ = {isa = PBXBuildFile; fileRef = E21792EF1C79002A0052D414 /* sake_prototypeUITests.m */; };
		E218CFD61C7D1547000F0B28 /* icon.png in Resources */ = {isa = PBXBuildFile; fileRef = E218CFD51C7D1547000F0B28 /* icon.png */; };
		E2223B5E1C8795DE0025EA7F /* detailViewController.m in Sources */ = {isa = PBXBuildFile; fileRef = E2223B5D1C8795DE0025EA7F /* detailViewController.m */; };
		E2223B601C8799B20025EA7F /* back_to_grid.png in Resources */ = {isa = PBXBuildFile; fileRef = E2223B5F1C8799B20025EA7F /* back_to_grid.png */; };
		E262D0AC1CB68C9800152FE8 /* button_sake_0.png in Resources */ = {isa = PBXBuildFile; fileRef = E262D0A41CB68C9800152FE8 /* button_sake_0.png */; };
		E262D0AD1CB68C9800152FE8 /* button_sake_2.png in Resources */ = {isa = PBXBuildFile; fileRef = E262D0A51CB68C9800152FE8 /* button_sake_2.png */; };
		E262D0AE1CB68C9800152FE8 /* button_sake_3.png in Resources */ = {isa = PBXBuildFile; fileRef = E262D0A61CB68C9800152FE8 /* button_sake_3.png */; };
		E262D0AF1CB68C9800152FE8 /* button_sake_19.png in Resources */ = {isa = PBXBuildFile; fileRef = E262D0A71CB68C9800152FE8 /* button_sake_19.png */; };
		E262D0B01CB68C9800152FE8 /* button_sake_20.png in Resources */ = {isa = PBXBuildFile; fileRef = E262D0A81CB68C9800152FE8 /* button_sake_20.png */; };
		E262D0B11CB68C9800152FE8 /* button_sake_21.png in Resources */ = {isa = PBXBuildFile; fileRef = E262D0A91CB68C9800152FE8 /* button_sake_21.png */; };
		E262D0B21CB68C9800152FE8 /* button_sake_22.png in Resources */ = {isa = PBXBuildFile; fileRef = E262D0AA1CB68C9800152FE8 /* button_sake_22.png */; };
		E262D0B31CB68C9800152FE8 /* button_sake_23.png in Resources */ = {isa = PBXBuildFile; fileRef = E262D0AB1CB68C9800152FE8 /* button_sake_23.png */; };
		E262D0BB1CB68D8A00152FE8 /* detail_sake_0.png in Resources */ = {isa = PBXBuildFile; fileRef = E262D0B41CB68D8A00152FE8 /* detail_sake_0.png */; };
		E262D0BC1CB68D8A00152FE8 /* detail_sake_1.png in Resources */ = {isa = PBXBuildFile; fileRef = E262D0B51CB68D8A00152FE8 /* detail_sake_1.png */; };
		E262D0BD1CB68D8A00152FE8 /* detail_sake_2.png in Resources */ = {isa = PBXBuildFile; fileRef = E262D0B61CB68D8A00152FE8 /* detail_sake_2.png */; };
		E262D0BE1CB68D8A00152FE8 /* detail_sake_3.png in Resources */ = {isa = PBXBuildFile; fileRef = E262D0B71CB68D8A00152FE8 /* detail_sake_3.png */; };
		E262D0BF1CB68D8A00152FE8 /* detail_sake_5.png in Resources */ = {isa = PBXBuildFile; fileRef = E262D0B81CB68D8A00152FE8 /* detail_sake_5.png */; };
		E262D0C01CB68D8A00152FE8 /* detail_sake_7.png in Resources */ = {isa = PBXBuildFile; fileRef = E262D0B91CB68D8A00152FE8 /* detail_sake_7.png */; };
		E262D0C11CB68D8A00152FE8 /* detail_sake_9.png in Resources */ = {isa = PBXBuildFile; fileRef = E262D0BA1CB68D8A00152FE8 /* detail_sake_9.png */; };
		E262D0C31CB68D9300152FE8 /* detail_sake_24.png in Resources */ = {isa = PBXBuildFile; fileRef = E262D0C21CB68D9300152FE8 /* detail_sake_24.png */; };
		E26E45C31C865175003BC713 /* sake_list.json in Resources */ = {isa = PBXBuildFile; fileRef = E26E45C21C865175003BC713 /* sake_list.json */; };
		E29049DA1C8777560041D446 /* change_to_map.png in Resources */ = {isa = PBXBuildFile; fileRef = E29049D81C8777560041D446 /* change_to_map.png */; };
		E29049DB1C8777560041D446 /* change_to_grid.png in Resources */ = {isa = PBXBuildFile; fileRef = E29049D91C8777560041D446 /* change_to_grid.png */; };
		E29CCB621C90DE96001DDD09 /* graph.png in Resources */ = {isa = PBXBuildFile; fileRef = E29CCB611C90DE96001DDD09 /* graph.png */; };
		E29CCB641C90F63B001DDD09 /* sake_pin.png in Resources */ = {isa = PBXBuildFile; fileRef = E29CCB631C90F63B001DDD09 /* sake_pin.png */; };
		E2C2DFBA1CB4CEAA00E1AAE7 /* button_sake_1.png in Resources */ = {isa = PBXBuildFile; fileRef = E2C2DFAF1CB4CEAA00E1AAE7 /* button_sake_1.png */; };
		E2C2DFBB1CB4CEAA00E1AAE7 /* button_sake_5.png in Resources */ = {isa = PBXBuildFile; fileRef = E2C2DFB01CB4CEAA00E1AAE7 /* button_sake_5.png */; };
		E2C2DFBC1CB4CEAA00E1AAE7 /* button_sake_7.png in Resources */ = {isa = PBXBuildFile; fileRef = E2C2DFB11CB4CEAA00E1AAE7 /* button_sake_7.png */; };
		E2C2DFBD1CB4CEAA00E1AAE7 /* button_sake_9.png in Resources */ = {isa = PBXBuildFile; fileRef = E2C2DFB21CB4CEAA00E1AAE7 /* button_sake_9.png */; };
		E2C2DFBE1CB4CEAA00E1AAE7 /* button_sake_10.png in Resources */ = {isa = PBXBuildFile; fileRef = E2C2DFB31CB4CEAA00E1AAE7 /* button_sake_10.png */; };
		E2C2DFBF1CB4CEAA00E1AAE7 /* button_sake_11.png in Resources */ = {isa = PBXBuildFile; fileRef = E2C2DFB41CB4CEAA00E1AAE7 /* button_sake_11.png */; };
		E2C2DFC01CB4CEAA00E1AAE7 /* button_sake_12.png in Resources */ = {isa = PBXBuildFile; fileRef = E2C2DFB51CB4CEAA00E1AAE7 /* button_sake_12.png */; };
		E2C2DFC11CB4CEAA00E1AAE7 /* button_sake_24.png in Resources */ = {isa = PBXBuildFile; fileRef = E2C2DFB61CB4CEAA00E1AAE7 /* button_sake_24.png */; };
		E2C2DFC21CB4CEAA00E1AAE7 /* button_sake_17.png in Resources */ = {isa = PBXBuildFile; fileRef = E2C2DFB71CB4CEAA00E1AAE7 /* button_sake_17.png */; };
		E2C2DFC31CB4CEAA00E1AAE7 /* button_sake_18.png in Resources */ = {isa = PBXBuildFile; fileRef = E2C2DFB81CB4CEAA00E1AAE7 /* button_sake_18.png */; };
		E2C2DFC41CB4CEAA00E1AAE7 /* button_sake_unknown.png in Resources */ = {isa = PBXBuildFile; fileRef = E2C2DFB91CB4CEAA00E1AAE7 /* button_sake_unknown.png */; };
		E2C2DFC81CB4D0DB00E1AAE7 /* detail_label_24.png in Resources */ = {isa = PBXBuildFile; fileRef = E2C2DFC51CB4D0DA00E1AAE7 /* detail_label_24.png */; };
		E2C2DFC91CB4D0DB00E1AAE7 /* detail_picture_24.png in Resources */ = {isa = PBXBuildFile; fileRef = E2C2DFC61CB4D0DA00E1AAE7 /* detail_picture_24.png */; };
		E2C2DFDD1CB4D26600E1AAE7 /* detail_sake_10.png in Resources */ = {isa = PBXBuildFile; fileRef = E2C2DFCF1CB4D26600E1AAE7 /* detail_sake_10.png */; };
		E2C2DFDE1CB4D26600E1AAE7 /* detail_sake_11.png in Resources */ = {isa = PBXBuildFile; fileRef = E2C2DFD01CB4D26600E1AAE7 /* detail_sake_11.png */; };
		E2C2DFDF1CB4D26600E1AAE7 /* detail_sake_12.png in Resources */ = {isa = PBXBuildFile; fileRef = E2C2DFD11CB4D26600E1AAE7 /* detail_sake_12.png */; };
		E2C2DFE01CB4D26600E1AAE7 /* detail_sake_17.png in Resources */ = {isa = PBXBuildFile; fileRef = E2C2DFD21CB4D26600E1AAE7 /* detail_sake_17.png */; };
		E2C2DFE11CB4D26600E1AAE7 /* detail_sake_18.png in Resources */ = {isa = PBXBuildFile; fileRef = E2C2DFD31CB4D26600E1AAE7 /* detail_sake_18.png */; };
		E2C2DFE21CB4D26600E1AAE7 /* detail_sake_19.png in Resources */ = {isa = PBXBuildFile; fileRef = E2C2DFD41CB4D26600E1AAE7 /* detail_sake_19.png */; };
		E2C2DFE31CB4D26600E1AAE7 /* detail_sake_20.png in Resources */ = {isa = PBXBuildFile; fileRef = E2C2DFD51CB4D26600E1AAE7 /* detail_sake_20.png */; };
		E2C2DFE41CB4D26600E1AAE7 /* detail_sake_21.png in Resources */ = {isa = PBXBuildFile; fileRef = E2C2DFD61CB4D26600E1AAE7 /* detail_sake_21.png */; };
		E2C2DFE51CB4D26600E1AAE7 /* detail_sake_22.png in Resources */ = {isa = PBXBuildFile; fileRef = E2C2DFD71CB4D26600E1AAE7 /* detail_sake_22.png */; };
		E2C2DFE61CB4D26600E1AAE7 /* detail_sake_23.png in Resources */ = {isa = PBXBuildFile; fileRef = E2C2DFD81CB4D26600E1AAE7 /* detail_sake_23.png */; };
		E2EF41D11C90BC7F00A49306 /* Hannari.otf in Resources */ = {isa = PBXBuildFile; fileRef = E2EF41D01C90BC2700A49306 /* Hannari.otf */; };
		E9053E69E76131377527D954 /* libPods.a in Frameworks */ = {isa = PBXBuildFile; fileRef = B03935DDDE5C30778BB1144F /* libPods.a */; };
/* End PBXBuildFile section */

/* Begin PBXContainerItemProxy section */
		E21792E11C79002A0052D414 /* PBXContainerItemProxy */ = {
			isa = PBXContainerItemProxy;
			containerPortal = E21792BF1C79002A0052D414 /* Project object */;
			proxyType = 1;
			remoteGlobalIDString = E21792C61C79002A0052D414;
			remoteInfo = sake_prototype;
		};
		E21792EC1C79002A0052D414 /* PBXContainerItemProxy */ = {
			isa = PBXContainerItemProxy;
			containerPortal = E21792BF1C79002A0052D414 /* Project object */;
			proxyType = 1;
			remoteGlobalIDString = E21792C61C79002A0052D414;
			remoteInfo = sake_prototype;
		};
/* End PBXContainerItemProxy section */

/* Begin PBXFileReference section */
		523011C7D94B66F70E231F89 /* Pods.debug.xcconfig */ = {isa = PBXFileReference; includeInIndex = 1; lastKnownFileType = text.xcconfig; name = Pods.debug.xcconfig; path = "Pods/Target Support Files/Pods/Pods.debug.xcconfig"; sourceTree = "<group>"; };
		B03935DDDE5C30778BB1144F /* libPods.a */ = {isa = PBXFileReference; explicitFileType = archive.ar; includeInIndex = 0; path = libPods.a; sourceTree = BUILT_PRODUCTS_DIR; };
		DDD512236C8790849EE9DD15 /* Pods.release.xcconfig */ = {isa = PBXFileReference; includeInIndex = 1; lastKnownFileType = text.xcconfig; name = Pods.release.xcconfig; path = "Pods/Target Support Files/Pods/Pods.release.xcconfig"; sourceTree = "<group>"; };
		E21792C71C79002A0052D414 /* sake_prototype.app */ = {isa = PBXFileReference; explicitFileType = wrapper.application; includeInIndex = 0; path = sake_prototype.app; sourceTree = BUILT_PRODUCTS_DIR; };
		E21792CB1C79002A0052D414 /* main.m */ = {isa = PBXFileReference; lastKnownFileType = sourcecode.c.objc; path = main.m; sourceTree = "<group>"; };
		E21792CD1C79002A0052D414 /* AppDelegate.h */ = {isa = PBXFileReference; lastKnownFileType = sourcecode.c.h; path = AppDelegate.h; sourceTree = "<group>"; };
		E21792CE1C79002A0052D414 /* AppDelegate.m */ = {isa = PBXFileReference; lastKnownFileType = sourcecode.c.objc; path = AppDelegate.m; sourceTree = "<group>"; };
		E21792D01C79002A0052D414 /* mainViewController.h */ = {isa = PBXFileReference; lastKnownFileType = sourcecode.c.h; path = mainViewController.h; sourceTree = "<group>"; };
		E21792D11C79002A0052D414 /* mainViewController.m */ = {isa = PBXFileReference; lastKnownFileType = sourcecode.c.objc; path = mainViewController.m; sourceTree = "<group>"; };
		E21792D41C79002A0052D414 /* Base */ = {isa = PBXFileReference; lastKnownFileType = file.storyboard; name = Base; path = Base.lproj/Main.storyboard; sourceTree = "<group>"; };
		E21792D61C79002A0052D414 /* Assets.xcassets */ = {isa = PBXFileReference; lastKnownFileType = folder.assetcatalog; path = Assets.xcassets; sourceTree = "<group>"; };
		E21792D91C79002A0052D414 /* Base */ = {isa = PBXFileReference; lastKnownFileType = file.storyboard; name = Base; path = Base.lproj/LaunchScreen.storyboard; sourceTree = "<group>"; };
		E21792DB1C79002A0052D414 /* Info.plist */ = {isa = PBXFileReference; lastKnownFileType = text.plist.xml; path = Info.plist; sourceTree = "<group>"; };
		E21792E01C79002A0052D414 /* sake_prototypeTests.xctest */ = {isa = PBXFileReference; explicitFileType = wrapper.cfbundle; includeInIndex = 0; path = sake_prototypeTests.xctest; sourceTree = BUILT_PRODUCTS_DIR; };
		E21792E41C79002A0052D414 /* sake_prototypeTests.m */ = {isa = PBXFileReference; lastKnownFileType = sourcecode.c.objc; path = sake_prototypeTests.m; sourceTree = "<group>"; };
		E21792E61C79002A0052D414 /* Info.plist */ = {isa = PBXFileReference; lastKnownFileType = text.plist.xml; path = Info.plist; sourceTree = "<group>"; };
		E21792EB1C79002A0052D414 /* sake_prototypeUITests.xctest */ = {isa = PBXFileReference; explicitFileType = wrapper.cfbundle; includeInIndex = 0; path = sake_prototypeUITests.xctest; sourceTree = BUILT_PRODUCTS_DIR; };
		E21792EF1C79002A0052D414 /* sake_prototypeUITests.m */ = {isa = PBXFileReference; lastKnownFileType = sourcecode.c.objc; path = sake_prototypeUITests.m; sourceTree = "<group>"; };
		E21792F11C79002A0052D414 /* Info.plist */ = {isa = PBXFileReference; lastKnownFileType = text.plist.xml; path = Info.plist; sourceTree = "<group>"; };
		E218CFD51C7D1547000F0B28 /* icon.png */ = {isa = PBXFileReference; lastKnownFileType = image.png; path = icon.png; sourceTree = "<group>"; };
		E2223B5C1C8795DE0025EA7F /* detailViewController.h */ = {isa = PBXFileReference; fileEncoding = 4; lastKnownFileType = sourcecode.c.h; path = detailViewController.h; sourceTree = "<group>"; };
		E2223B5D1C8795DE0025EA7F /* detailViewController.m */ = {isa = PBXFileReference; fileEncoding = 4; lastKnownFileType = sourcecode.c.objc; path = detailViewController.m; sourceTree = "<group>"; };
		E2223B5F1C8799B20025EA7F /* back_to_grid.png */ = {isa = PBXFileReference; lastKnownFileType = image.png; path = back_to_grid.png; sourceTree = "<group>"; };
		E262D0A41CB68C9800152FE8 /* button_sake_0.png */ = {isa = PBXFileReference; lastKnownFileType = image.png; path = button_sake_0.png; sourceTree = "<group>"; };
		E262D0A51CB68C9800152FE8 /* button_sake_2.png */ = {isa = PBXFileReference; lastKnownFileType = image.png; path = button_sake_2.png; sourceTree = "<group>"; };
		E262D0A61CB68C9800152FE8 /* button_sake_3.png */ = {isa = PBXFileReference; lastKnownFileType = image.png; path = button_sake_3.png; sourceTree = "<group>"; };
		E262D0A71CB68C9800152FE8 /* button_sake_19.png */ = {isa = PBXFileReference; lastKnownFileType = image.png; path = button_sake_19.png; sourceTree = "<group>"; };
		E262D0A81CB68C9800152FE8 /* button_sake_20.png */ = {isa = PBXFileReference; lastKnownFileType = image.png; path = button_sake_20.png; sourceTree = "<group>"; };
		E262D0A91CB68C9800152FE8 /* button_sake_21.png */ = {isa = PBXFileReference; lastKnownFileType = image.png; path = button_sake_21.png; sourceTree = "<group>"; };
		E262D0AA1CB68C9800152FE8 /* button_sake_22.png */ = {isa = PBXFileReference; lastKnownFileType = image.png; path = button_sake_22.png; sourceTree = "<group>"; };
		E262D0AB1CB68C9800152FE8 /* button_sake_23.png */ = {isa = PBXFileReference; lastKnownFileType = image.png; path = button_sake_23.png; sourceTree = "<group>"; };
		E262D0B41CB68D8A00152FE8 /* detail_sake_0.png */ = {isa = PBXFileReference; lastKnownFileType = image.png; path = detail_sake_0.png; sourceTree = "<group>"; };
		E262D0B51CB68D8A00152FE8 /* detail_sake_1.png */ = {isa = PBXFileReference; lastKnownFileType = image.png; path = detail_sake_1.png; sourceTree = "<group>"; };
		E262D0B61CB68D8A00152FE8 /* detail_sake_2.png */ = {isa = PBXFileReference; lastKnownFileType = image.png; path = detail_sake_2.png; sourceTree = "<group>"; };
		E262D0B71CB68D8A00152FE8 /* detail_sake_3.png */ = {isa = PBXFileReference; lastKnownFileType = image.png; path = detail_sake_3.png; sourceTree = "<group>"; };
		E262D0B81CB68D8A00152FE8 /* detail_sake_5.png */ = {isa = PBXFileReference; lastKnownFileType = image.png; path = detail_sake_5.png; sourceTree = "<group>"; };
		E262D0B91CB68D8A00152FE8 /* detail_sake_7.png */ = {isa = PBXFileReference; lastKnownFileType = image.png; path = detail_sake_7.png; sourceTree = "<group>"; };
		E262D0BA1CB68D8A00152FE8 /* detail_sake_9.png */ = {isa = PBXFileReference; lastKnownFileType = image.png; path = detail_sake_9.png; sourceTree = "<group>"; };
		E262D0C21CB68D9300152FE8 /* detail_sake_24.png */ = {isa = PBXFileReference; lastKnownFileType = image.png; path = detail_sake_24.png; sourceTree = "<group>"; };
		E26E45C21C865175003BC713 /* sake_list.json */ = {isa = PBXFileReference; fileEncoding = 4; lastKnownFileType = text.json; path = sake_list.json; sourceTree = "<group>"; };
		E29049D81C8777560041D446 /* change_to_map.png */ = {isa = PBXFileReference; lastKnownFileType = image.png; path = change_to_map.png; sourceTree = "<group>"; };
		E29049D91C8777560041D446 /* change_to_grid.png */ = {isa = PBXFileReference; lastKnownFileType = image.png; path = change_to_grid.png; sourceTree = "<group>"; };
		E29CCB611C90DE96001DDD09 /* graph.png */ = {isa = PBXFileReference; lastKnownFileType = image.png; path = graph.png; sourceTree = "<group>"; };
		E29CCB631C90F63B001DDD09 /* sake_pin.png */ = {isa = PBXFileReference; lastKnownFileType = image.png; path = sake_pin.png; sourceTree = "<group>"; };
		E2C2DFAF1CB4CEAA00E1AAE7 /* button_sake_1.png */ = {isa = PBXFileReference; lastKnownFileType = image.png; path = button_sake_1.png; sourceTree = "<group>"; };
		E2C2DFB01CB4CEAA00E1AAE7 /* button_sake_5.png */ = {isa = PBXFileReference; lastKnownFileType = image.png; path = button_sake_5.png; sourceTree = "<group>"; };
		E2C2DFB11CB4CEAA00E1AAE7 /* button_sake_7.png */ = {isa = PBXFileReference; lastKnownFileType = image.png; path = button_sake_7.png; sourceTree = "<group>"; };
		E2C2DFB21CB4CEAA00E1AAE7 /* button_sake_9.png */ = {isa = PBXFileReference; lastKnownFileType = image.png; path = button_sake_9.png; sourceTree = "<group>"; };
		E2C2DFB31CB4CEAA00E1AAE7 /* button_sake_10.png */ = {isa = PBXFileReference; lastKnownFileType = image.png; path = button_sake_10.png; sourceTree = "<group>"; };
		E2C2DFB41CB4CEAA00E1AAE7 /* button_sake_11.png */ = {isa = PBXFileReference; lastKnownFileType = image.png; path = button_sake_11.png; sourceTree = "<group>"; };
		E2C2DFB51CB4CEAA00E1AAE7 /* button_sake_12.png */ = {isa = PBXFileReference; lastKnownFileType = image.png; path = button_sake_12.png; sourceTree = "<group>"; };
		E2C2DFB61CB4CEAA00E1AAE7 /* button_sake_24.png */ = {isa = PBXFileReference; lastKnownFileType = image.png; path = button_sake_24.png; sourceTree = "<group>"; };
		E2C2DFB71CB4CEAA00E1AAE7 /* button_sake_17.png */ = {isa = PBXFileReference; lastKnownFileType = image.png; path = button_sake_17.png; sourceTree = "<group>"; };
		E2C2DFB81CB4CEAA00E1AAE7 /* button_sake_18.png */ = {isa = PBXFileReference; lastKnownFileType = image.png; path = button_sake_18.png; sourceTree = "<group>"; };
		E2C2DFB91CB4CEAA00E1AAE7 /* button_sake_unknown.png */ = {isa = PBXFileReference; lastKnownFileType = image.png; path = button_sake_unknown.png; sourceTree = "<group>"; };
		E2C2DFC51CB4D0DA00E1AAE7 /* detail_label_24.png */ = {isa = PBXFileReference; lastKnownFileType = image.png; path = detail_label_24.png; sourceTree = "<group>"; };
		E2C2DFC61CB4D0DA00E1AAE7 /* detail_picture_24.png */ = {isa = PBXFileReference; lastKnownFileType = image.png; path = detail_picture_24.png; sourceTree = "<group>"; };
		E2C2DFCF1CB4D26600E1AAE7 /* detail_sake_10.png */ = {isa = PBXFileReference; lastKnownFileType = image.png; path = detail_sake_10.png; sourceTree = "<group>"; };
		E2C2DFD01CB4D26600E1AAE7 /* detail_sake_11.png */ = {isa = PBXFileReference; lastKnownFileType = image.png; path = detail_sake_11.png; sourceTree = "<group>"; };
		E2C2DFD11CB4D26600E1AAE7 /* detail_sake_12.png */ = {isa = PBXFileReference; lastKnownFileType = image.png; path = detail_sake_12.png; sourceTree = "<group>"; };
		E2C2DFD21CB4D26600E1AAE7 /* detail_sake_17.png */ = {isa = PBXFileReference; lastKnownFileType = image.png; path = detail_sake_17.png; sourceTree = "<group>"; };
		E2C2DFD31CB4D26600E1AAE7 /* detail_sake_18.png */ = {isa = PBXFileReference; lastKnownFileType = image.png; path = detail_sake_18.png; sourceTree = "<group>"; };
		E2C2DFD41CB4D26600E1AAE7 /* detail_sake_19.png */ = {isa = PBXFileReference; lastKnownFileType = image.png; path = detail_sake_19.png; sourceTree = "<group>"; };
		E2C2DFD51CB4D26600E1AAE7 /* detail_sake_20.png */ = {isa = PBXFileReference; lastKnownFileType = image.png; path = detail_sake_20.png; sourceTree = "<group>"; };
		E2C2DFD61CB4D26600E1AAE7 /* detail_sake_21.png */ = {isa = PBXFileReference; lastKnownFileType = image.png; path = detail_sake_21.png; sourceTree = "<group>"; };
		E2C2DFD71CB4D26600E1AAE7 /* detail_sake_22.png */ = {isa = PBXFileReference; lastKnownFileType = image.png; path = detail_sake_22.png; sourceTree = "<group>"; };
		E2C2DFD81CB4D26600E1AAE7 /* detail_sake_23.png */ = {isa = PBXFileReference; lastKnownFileType = image.png; path = detail_sake_23.png; sourceTree = "<group>"; };
		E2EF41D01C90BC2700A49306 /* Hannari.otf */ = {isa = PBXFileReference; lastKnownFileType = file; path = Hannari.otf; sourceTree = "<group>"; };
/* End PBXFileReference section */

/* Begin PBXFrameworksBuildPhase section */
		E21792C41C79002A0052D414 /* Frameworks */ = {
			isa = PBXFrameworksBuildPhase;
			buildActionMask = 2147483647;
			files = (
				E9053E69E76131377527D954 /* libPods.a in Frameworks */,
			);
			runOnlyForDeploymentPostprocessing = 0;
		};
		E21792DD1C79002A0052D414 /* Frameworks */ = {
			isa = PBXFrameworksBuildPhase;
			buildActionMask = 2147483647;
			files = (
			);
			runOnlyForDeploymentPostprocessing = 0;
		};
		E21792E81C79002A0052D414 /* Frameworks */ = {
			isa = PBXFrameworksBuildPhase;
			buildActionMask = 2147483647;
			files = (
			);
			runOnlyForDeploymentPostprocessing = 0;
		};
/* End PBXFrameworksBuildPhase section */

/* Begin PBXGroup section */
		CC326ECA2E08E84E2A6C83A1 /* Pods */ = {
			isa = PBXGroup;
			children = (
				523011C7D94B66F70E231F89 /* Pods.debug.xcconfig */,
				DDD512236C8790849EE9DD15 /* Pods.release.xcconfig */,
			);
			name = Pods;
			sourceTree = "<group>";
		};
		E21792BE1C79002A0052D414 = {
			isa = PBXGroup;
			children = (
				E21792C91C79002A0052D414 /* sake_prototype */,
				E21792E31C79002A0052D414 /* sake_prototypeTests */,
				E21792EE1C79002A0052D414 /* sake_prototypeUITests */,
				E21792C81C79002A0052D414 /* Products */,
				CC326ECA2E08E84E2A6C83A1 /* Pods */,
				EC2509696A1BDF9C595CC521 /* Frameworks */,
			);
			sourceTree = "<group>";
		};
		E21792C81C79002A0052D414 /* Products */ = {
			isa = PBXGroup;
			children = (
				E21792C71C79002A0052D414 /* sake_prototype.app */,
				E21792E01C79002A0052D414 /* sake_prototypeTests.xctest */,
				E21792EB1C79002A0052D414 /* sake_prototypeUITests.xctest */,
			);
			name = Products;
			sourceTree = "<group>";
		};
		E21792C91C79002A0052D414 /* sake_prototype */ = {
			isa = PBXGroup;
			children = (
				E2EF41D01C90BC2700A49306 /* Hannari.otf */,
				E26E45C21C865175003BC713 /* sake_list.json */,
				E218CFD51C7D1547000F0B28 /* icon.png */,
				E262D0A41CB68C9800152FE8 /* button_sake_0.png */,
				E2C2DFAF1CB4CEAA00E1AAE7 /* button_sake_1.png */,
				E262D0A51CB68C9800152FE8 /* button_sake_2.png */,
				E262D0A61CB68C9800152FE8 /* button_sake_3.png */,
				E2C2DFB01CB4CEAA00E1AAE7 /* button_sake_5.png */,
				E2C2DFB11CB4CEAA00E1AAE7 /* button_sake_7.png */,
				E2C2DFB21CB4CEAA00E1AAE7 /* button_sake_9.png */,
				E2C2DFB31CB4CEAA00E1AAE7 /* button_sake_10.png */,
				E2C2DFB41CB4CEAA00E1AAE7 /* button_sake_11.png */,
				E2C2DFB51CB4CEAA00E1AAE7 /* button_sake_12.png */,
				E2C2DFB71CB4CEAA00E1AAE7 /* button_sake_17.png */,
				E2C2DFB81CB4CEAA00E1AAE7 /* button_sake_18.png */,
				E262D0A71CB68C9800152FE8 /* button_sake_19.png */,
				E262D0A81CB68C9800152FE8 /* button_sake_20.png */,
				E262D0A91CB68C9800152FE8 /* button_sake_21.png */,
				E262D0AA1CB68C9800152FE8 /* button_sake_22.png */,
				E262D0AB1CB68C9800152FE8 /* button_sake_23.png */,
				E2C2DFB61CB4CEAA00E1AAE7 /* button_sake_24.png */,
				E2C2DFB91CB4CEAA00E1AAE7 /* button_sake_unknown.png */,
				E2C2DFC51CB4D0DA00E1AAE7 /* detail_label_24.png */,
				E2C2DFC61CB4D0DA00E1AAE7 /* detail_picture_24.png */,
				E262D0B41CB68D8A00152FE8 /* detail_sake_0.png */,
				E262D0B51CB68D8A00152FE8 /* detail_sake_1.png */,
				E262D0B61CB68D8A00152FE8 /* detail_sake_2.png */,
				E262D0B71CB68D8A00152FE8 /* detail_sake_3.png */,
				E262D0B81CB68D8A00152FE8 /* detail_sake_5.png */,
				E262D0B91CB68D8A00152FE8 /* detail_sake_7.png */,
				E262D0BA1CB68D8A00152FE8 /* detail_sake_9.png */,
				E2C2DFCF1CB4D26600E1AAE7 /* detail_sake_10.png */,
				E2C2DFD01CB4D26600E1AAE7 /* detail_sake_11.png */,
				E2C2DFD11CB4D26600E1AAE7 /* detail_sake_12.png */,
				E2C2DFD21CB4D26600E1AAE7 /* detail_sake_17.png */,
				E2C2DFD31CB4D26600E1AAE7 /* detail_sake_18.png */,
				E2C2DFD41CB4D26600E1AAE7 /* detail_sake_19.png */,
				E2C2DFD51CB4D26600E1AAE7 /* detail_sake_20.png */,
				E2C2DFD61CB4D26600E1AAE7 /* detail_sake_21.png */,
				E2C2DFD71CB4D26600E1AAE7 /* detail_sake_22.png */,
				E2C2DFD81CB4D26600E1AAE7 /* detail_sake_23.png */,
				E262D0C21CB68D9300152FE8 /* detail_sake_24.png */,
				E29049D81C8777560041D446 /* change_to_map.png */,
				E29049D91C8777560041D446 /* change_to_grid.png */,
				E2223B5F1C8799B20025EA7F /* back_to_grid.png */,
				E29CCB611C90DE96001DDD09 /* graph.png */,
				E29CCB631C90F63B001DDD09 /* sake_pin.png */,
				E21792CD1C79002A0052D414 /* AppDelegate.h */,
				E21792CE1C79002A0052D414 /* AppDelegate.m */,
				E21792D01C79002A0052D414 /* mainViewController.h */,
				E21792D11C79002A0052D414 /* mainViewController.m */,
				E2223B5C1C8795DE0025EA7F /* detailViewController.h */,
				E2223B5D1C8795DE0025EA7F /* detailViewController.m */,
				E21792D31C79002A0052D414 /* Main.storyboard */,
				E21792D61C79002A0052D414 /* Assets.xcassets */,
				E21792D81C79002A0052D414 /* LaunchScreen.storyboard */,
				E21792DB1C79002A0052D414 /* Info.plist */,
				E21792CA1C79002A0052D414 /* Supporting Files */,
			);
			path = sake_prototype;
			sourceTree = "<group>";
		};
		E21792CA1C79002A0052D414 /* Supporting Files */ = {
			isa = PBXGroup;
			children = (
				E21792CB1C79002A0052D414 /* main.m */,
			);
			name = "Supporting Files";
			sourceTree = "<group>";
		};
		E21792E31C79002A0052D414 /* sake_prototypeTests */ = {
			isa = PBXGroup;
			children = (
				E21792E41C79002A0052D414 /* sake_prototypeTests.m */,
				E21792E61C79002A0052D414 /* Info.plist */,
			);
			path = sake_prototypeTests;
			sourceTree = "<group>";
		};
		E21792EE1C79002A0052D414 /* sake_prototypeUITests */ = {
			isa = PBXGroup;
			children = (
				E21792EF1C79002A0052D414 /* sake_prototypeUITests.m */,
				E21792F11C79002A0052D414 /* Info.plist */,
			);
			path = sake_prototypeUITests;
			sourceTree = "<group>";
		};
		EC2509696A1BDF9C595CC521 /* Frameworks */ = {
			isa = PBXGroup;
			children = (
				B03935DDDE5C30778BB1144F /* libPods.a */,
			);
			name = Frameworks;
			sourceTree = "<group>";
		};
/* End PBXGroup section */

/* Begin PBXNativeTarget section */
		E21792C61C79002A0052D414 /* sake_prototype */ = {
			isa = PBXNativeTarget;
			buildConfigurationList = E21792F41C79002A0052D414 /* Build configuration list for PBXNativeTarget "sake_prototype" */;
			buildPhases = (
				85DA8427EFC493F2F7C303F4 /* Check Pods Manifest.lock */,
				E21792C31C79002A0052D414 /* Sources */,
				E21792C41C79002A0052D414 /* Frameworks */,
				E21792C51C79002A0052D414 /* Resources */,
				9C58262134691239FD23FD26 /* Embed Pods Frameworks */,
				481861A1B4720D4E0D49E8DF /* Copy Pods Resources */,
			);
			buildRules = (
			);
			dependencies = (
			);
			name = sake_prototype;
			productName = sake_prototype;
			productReference = E21792C71C79002A0052D414 /* sake_prototype.app */;
			productType = "com.apple.product-type.application";
		};
		E21792DF1C79002A0052D414 /* sake_prototypeTests */ = {
			isa = PBXNativeTarget;
			buildConfigurationList = E21792F71C79002A0052D414 /* Build configuration list for PBXNativeTarget "sake_prototypeTests" */;
			buildPhases = (
				E21792DC1C79002A0052D414 /* Sources */,
				E21792DD1C79002A0052D414 /* Frameworks */,
				E21792DE1C79002A0052D414 /* Resources */,
			);
			buildRules = (
			);
			dependencies = (
				E21792E21C79002A0052D414 /* PBXTargetDependency */,
			);
			name = sake_prototypeTests;
			productName = sake_prototypeTests;
			productReference = E21792E01C79002A0052D414 /* sake_prototypeTests.xctest */;
			productType = "com.apple.product-type.bundle.unit-test";
		};
		E21792EA1C79002A0052D414 /* sake_prototypeUITests */ = {
			isa = PBXNativeTarget;
			buildConfigurationList = E21792FA1C79002A0052D414 /* Build configuration list for PBXNativeTarget "sake_prototypeUITests" */;
			buildPhases = (
				E21792E71C79002A0052D414 /* Sources */,
				E21792E81C79002A0052D414 /* Frameworks */,
				E21792E91C79002A0052D414 /* Resources */,
			);
			buildRules = (
			);
			dependencies = (
				E21792ED1C79002A0052D414 /* PBXTargetDependency */,
			);
			name = sake_prototypeUITests;
			productName = sake_prototypeUITests;
			productReference = E21792EB1C79002A0052D414 /* sake_prototypeUITests.xctest */;
			productType = "com.apple.product-type.bundle.ui-testing";
		};
/* End PBXNativeTarget section */

/* Begin PBXProject section */
		E21792BF1C79002A0052D414 /* Project object */ = {
			isa = PBXProject;
			attributes = {
				LastUpgradeCheck = 0720;
				ORGANIZATIONNAME = liafailboy;
				TargetAttributes = {
					E21792C61C79002A0052D414 = {
						CreatedOnToolsVersion = 7.2;
						DevelopmentTeam = 97R4645FRT;
					};
					E21792DF1C79002A0052D414 = {
						CreatedOnToolsVersion = 7.2;
						DevelopmentTeam = 97R4645FRT;
						TestTargetID = E21792C61C79002A0052D414;
					};
					E21792EA1C79002A0052D414 = {
						CreatedOnToolsVersion = 7.2;
						DevelopmentTeam = 97R4645FRT;
						TestTargetID = E21792C61C79002A0052D414;
					};
				};
			};
			buildConfigurationList = E21792C21C79002A0052D414 /* Build configuration list for PBXProject "sake_prototype" */;
			compatibilityVersion = "Xcode 3.2";
			developmentRegion = English;
			hasScannedForEncodings = 0;
			knownRegions = (
				en,
				Base,
			);
			mainGroup = E21792BE1C79002A0052D414;
			productRefGroup = E21792C81C79002A0052D414 /* Products */;
			projectDirPath = "";
			projectRoot = "";
			targets = (
				E21792C61C79002A0052D414 /* sake_prototype */,
				E21792DF1C79002A0052D414 /* sake_prototypeTests */,
				E21792EA1C79002A0052D414 /* sake_prototypeUITests */,
			);
		};
/* End PBXProject section */

/* Begin PBXResourcesBuildPhase section */
		E21792C51C79002A0052D414 /* Resources */ = {
			isa = PBXResourcesBuildPhase;
			buildActionMask = 2147483647;
			files = (
				E262D0B11CB68C9800152FE8 /* button_sake_21.png in Resources */,
				E262D0B31CB68C9800152FE8 /* button_sake_23.png in Resources */,
				E2C2DFC21CB4CEAA00E1AAE7 /* button_sake_17.png in Resources */,
				E2EF41D11C90BC7F00A49306 /* Hannari.otf in Resources */,
				E262D0C11CB68D8A00152FE8 /* detail_sake_9.png in Resources */,
				E2C2DFE01CB4D26600E1AAE7 /* detail_sake_17.png in Resources */,
				E262D0BC1CB68D8A00152FE8 /* detail_sake_1.png in Resources */,
				E2C2DFE61CB4D26600E1AAE7 /* detail_sake_23.png in Resources */,
				E2C2DFE31CB4D26600E1AAE7 /* detail_sake_20.png in Resources */,
				E2C2DFBD1CB4CEAA00E1AAE7 /* button_sake_9.png in Resources */,
				E2C2DFBA1CB4CEAA00E1AAE7 /* button_sake_1.png in Resources */,
				E2C2DFE11CB4D26600E1AAE7 /* detail_sake_18.png in Resources */,
				E2C2DFC31CB4CEAA00E1AAE7 /* button_sake_18.png in Resources */,
				E2C2DFE51CB4D26600E1AAE7 /* detail_sake_22.png in Resources */,
				E262D0C31CB68D9300152FE8 /* detail_sake_24.png in Resources */,
				E26E45C31C865175003BC713 /* sake_list.json in Resources */,
				E262D0BF1CB68D8A00152FE8 /* detail_sake_5.png in Resources */,
				E29049DA1C8777560041D446 /* change_to_map.png in Resources */,
				E2C2DFDD1CB4D26600E1AAE7 /* detail_sake_10.png in Resources */,
				E2C2DFBF1CB4CEAA00E1AAE7 /* button_sake_11.png in Resources */,
				E2C2DFC81CB4D0DB00E1AAE7 /* detail_label_24.png in Resources */,
				E2C2DFBE1CB4CEAA00E1AAE7 /* button_sake_10.png in Resources */,
				E262D0AC1CB68C9800152FE8 /* button_sake_0.png in Resources */,
				E2C2DFC41CB4CEAA00E1AAE7 /* button_sake_unknown.png in Resources */,
				E2C2DFC11CB4CEAA00E1AAE7 /* button_sake_24.png in Resources */,
				E262D0B01CB68C9800152FE8 /* button_sake_20.png in Resources */,
				E262D0BE1CB68D8A00152FE8 /* detail_sake_3.png in Resources */,
				E262D0C01CB68D8A00152FE8 /* detail_sake_7.png in Resources */,
				E2C2DFBB1CB4CEAA00E1AAE7 /* button_sake_5.png in Resources */,
				E262D0AD1CB68C9800152FE8 /* button_sake_2.png in Resources */,
				E218CFD61C7D1547000F0B28 /* icon.png in Resources */,
				E2C2DFE21CB4D26600E1AAE7 /* detail_sake_19.png in Resources */,
				E262D0BD1CB68D8A00152FE8 /* detail_sake_2.png in Resources */,
				E262D0B21CB68C9800152FE8 /* button_sake_22.png in Resources */,
				E262D0AE1CB68C9800152FE8 /* button_sake_3.png in Resources */,
				E2C2DFBC1CB4CEAA00E1AAE7 /* button_sake_7.png in Resources */,
				E29049DB1C8777560041D446 /* change_to_grid.png in Resources */,
				E29CCB641C90F63B001DDD09 /* sake_pin.png in Resources */,
				E29CCB621C90DE96001DDD09 /* graph.png in Resources */,
				E262D0AF1CB68C9800152FE8 /* button_sake_19.png in Resources */,
				E21792DA1C79002A0052D414 /* LaunchScreen.storyboard in Resources */,
				E2C2DFE41CB4D26600E1AAE7 /* detail_sake_21.png in Resources */,
				E2C2DFDE1CB4D26600E1AAE7 /* detail_sake_11.png in Resources */,
				E262D0BB1CB68D8A00152FE8 /* detail_sake_0.png in Resources */,
				E2C2DFC91CB4D0DB00E1AAE7 /* detail_picture_24.png in Resources */,
				E2223B601C8799B20025EA7F /* back_to_grid.png in Resources */,
				E21792D71C79002A0052D414 /* Assets.xcassets in Resources */,
				E2C2DFDF1CB4D26600E1AAE7 /* detail_sake_12.png in Resources */,
				E2C2DFC01CB4CEAA00E1AAE7 /* button_sake_12.png in Resources */,
				E21792D51C79002A0052D414 /* Main.storyboard in Resources */,
			);
			runOnlyForDeploymentPostprocessing = 0;
		};
		E21792DE1C79002A0052D414 /* Resources */ = {
			isa = PBXResourcesBuildPhase;
			buildActionMask = 2147483647;
			files = (
			);
			runOnlyForDeploymentPostprocessing = 0;
		};
		E21792E91C79002A0052D414 /* Resources */ = {
			isa = PBXResourcesBuildPhase;
			buildActionMask = 2147483647;
			files = (
			);
			runOnlyForDeploymentPostprocessing = 0;
		};
/* End PBXResourcesBuildPhase section */

/* Begin PBXShellScriptBuildPhase section */
		481861A1B4720D4E0D49E8DF /* Copy Pods Resources */ = {
			isa = PBXShellScriptBuildPhase;
			buildActionMask = 2147483647;
			files = (
			);
			inputPaths = (
			);
			name = "Copy Pods Resources";
			outputPaths = (
			);
			runOnlyForDeploymentPostprocessing = 0;
			shellPath = /bin/sh;
			shellScript = "\"${SRCROOT}/Pods/Target Support Files/Pods/Pods-resources.sh\"\n";
			showEnvVarsInLog = 0;
		};
		85DA8427EFC493F2F7C303F4 /* Check Pods Manifest.lock */ = {
			isa = PBXShellScriptBuildPhase;
			buildActionMask = 2147483647;
			files = (
			);
			inputPaths = (
			);
			name = "Check Pods Manifest.lock";
			outputPaths = (
			);
			runOnlyForDeploymentPostprocessing = 0;
			shellPath = /bin/sh;
			shellScript = "diff \"${PODS_ROOT}/../Podfile.lock\" \"${PODS_ROOT}/Manifest.lock\" > /dev/null\nif [[ $? != 0 ]] ; then\n    cat << EOM\nerror: The sandbox is not in sync with the Podfile.lock. Run 'pod install' or update your CocoaPods installation.\nEOM\n    exit 1\nfi\n";
			showEnvVarsInLog = 0;
		};
		9C58262134691239FD23FD26 /* Embed Pods Frameworks */ = {
			isa = PBXShellScriptBuildPhase;
			buildActionMask = 2147483647;
			files = (
			);
			inputPaths = (
			);
			name = "Embed Pods Frameworks";
			outputPaths = (
			);
			runOnlyForDeploymentPostprocessing = 0;
			shellPath = /bin/sh;
			shellScript = "\"${SRCROOT}/Pods/Target Support Files/Pods/Pods-frameworks.sh\"\n";
			showEnvVarsInLog = 0;
		};
/* End PBXShellScriptBuildPhase section */

/* Begin PBXSourcesBuildPhase section */
		E21792C31C79002A0052D414 /* Sources */ = {
			isa = PBXSourcesBuildPhase;
			buildActionMask = 2147483647;
			files = (
				E21792D21C79002A0052D414 /* mainViewController.m in Sources */,
				E21792CF1C79002A0052D414 /* AppDelegate.m in Sources */,
				E21792CC1C79002A0052D414 /* main.m in Sources */,
				E2223B5E1C8795DE0025EA7F /* detailViewController.m in Sources */,
			);
			runOnlyForDeploymentPostprocessing = 0;
		};
		E21792DC1C79002A0052D414 /* Sources */ = {
			isa = PBXSourcesBuildPhase;
			buildActionMask = 2147483647;
			files = (
				E21792E51C79002A0052D414 /* sake_prototypeTests.m in Sources */,
			);
			runOnlyForDeploymentPostprocessing = 0;
		};
		E21792E71C79002A0052D414 /* Sources */ = {
			isa = PBXSourcesBuildPhase;
			buildActionMask = 2147483647;
			files = (
				E21792F01C79002A0052D414 /* sake_prototypeUITests.m in Sources */,
			);
			runOnlyForDeploymentPostprocessing = 0;
		};
/* End PBXSourcesBuildPhase section */

/* Begin PBXTargetDependency section */
		E21792E21C79002A0052D414 /* PBXTargetDependency */ = {
			isa = PBXTargetDependency;
			target = E21792C61C79002A0052D414 /* sake_prototype */;
			targetProxy = E21792E11C79002A0052D414 /* PBXContainerItemProxy */;
		};
		E21792ED1C79002A0052D414 /* PBXTargetDependency */ = {
			isa = PBXTargetDependency;
			target = E21792C61C79002A0052D414 /* sake_prototype */;
			targetProxy = E21792EC1C79002A0052D414 /* PBXContainerItemProxy */;
		};
/* End PBXTargetDependency section */

/* Begin PBXVariantGroup section */
		E21792D31C79002A0052D414 /* Main.storyboard */ = {
			isa = PBXVariantGroup;
			children = (
				E21792D41C79002A0052D414 /* Base */,
			);
			name = Main.storyboard;
			sourceTree = "<group>";
		};
		E21792D81C79002A0052D414 /* LaunchScreen.storyboard */ = {
			isa = PBXVariantGroup;
			children = (
				E21792D91C79002A0052D414 /* Base */,
			);
			name = LaunchScreen.storyboard;
			sourceTree = "<group>";
		};
/* End PBXVariantGroup section */

/* Begin XCBuildConfiguration section */
		E21792F21C79002A0052D414 /* Debug */ = {
			isa = XCBuildConfiguration;
			buildSettings = {
				ALWAYS_SEARCH_USER_PATHS = NO;
				CLANG_CXX_LANGUAGE_STANDARD = "gnu++0x";
				CLANG_CXX_LIBRARY = "libc++";
				CLANG_ENABLE_MODULES = YES;
				CLANG_ENABLE_OBJC_ARC = YES;
				CLANG_WARN_BOOL_CONVERSION = YES;
				CLANG_WARN_CONSTANT_CONVERSION = YES;
				CLANG_WARN_DIRECT_OBJC_ISA_USAGE = YES_ERROR;
				CLANG_WARN_EMPTY_BODY = YES;
				CLANG_WARN_ENUM_CONVERSION = YES;
				CLANG_WARN_INT_CONVERSION = YES;
				CLANG_WARN_OBJC_ROOT_CLASS = YES_ERROR;
				CLANG_WARN_UNREACHABLE_CODE = YES;
				CLANG_WARN__DUPLICATE_METHOD_MATCH = YES;
				"CODE_SIGN_IDENTITY[sdk=iphoneos*]" = "iPhone Developer";
				COPY_PHASE_STRIP = NO;
				DEBUG_INFORMATION_FORMAT = dwarf;
				ENABLE_STRICT_OBJC_MSGSEND = YES;
				ENABLE_TESTABILITY = YES;
				GCC_C_LANGUAGE_STANDARD = gnu99;
				GCC_DYNAMIC_NO_PIC = NO;
				GCC_NO_COMMON_BLOCKS = YES;
				GCC_OPTIMIZATION_LEVEL = 0;
				GCC_PREPROCESSOR_DEFINITIONS = (
					"DEBUG=1",
					"$(inherited)",
				);
				GCC_WARN_64_TO_32_BIT_CONVERSION = YES;
				GCC_WARN_ABOUT_RETURN_TYPE = YES_ERROR;
				GCC_WARN_UNDECLARED_SELECTOR = YES;
				GCC_WARN_UNINITIALIZED_AUTOS = YES_AGGRESSIVE;
				GCC_WARN_UNUSED_FUNCTION = YES;
				GCC_WARN_UNUSED_VARIABLE = YES;
				IPHONEOS_DEPLOYMENT_TARGET = 9.2;
				MTL_ENABLE_DEBUG_INFO = YES;
				ONLY_ACTIVE_ARCH = YES;
				SDKROOT = iphoneos;
			};
			name = Debug;
		};
		E21792F31C79002A0052D414 /* Release */ = {
			isa = XCBuildConfiguration;
			buildSettings = {
				ALWAYS_SEARCH_USER_PATHS = NO;
				CLANG_CXX_LANGUAGE_STANDARD = "gnu++0x";
				CLANG_CXX_LIBRARY = "libc++";
				CLANG_ENABLE_MODULES = YES;
				CLANG_ENABLE_OBJC_ARC = YES;
				CLANG_WARN_BOOL_CONVERSION = YES;
				CLANG_WARN_CONSTANT_CONVERSION = YES;
				CLANG_WARN_DIRECT_OBJC_ISA_USAGE = YES_ERROR;
				CLANG_WARN_EMPTY_BODY = YES;
				CLANG_WARN_ENUM_CONVERSION = YES;
				CLANG_WARN_INT_CONVERSION = YES;
				CLANG_WARN_OBJC_ROOT_CLASS = YES_ERROR;
				CLANG_WARN_UNREACHABLE_CODE = YES;
				CLANG_WARN__DUPLICATE_METHOD_MATCH = YES;
				"CODE_SIGN_IDENTITY[sdk=iphoneos*]" = "iPhone Developer";
				COPY_PHASE_STRIP = NO;
				DEBUG_INFORMATION_FORMAT = "dwarf-with-dsym";
				ENABLE_NS_ASSERTIONS = NO;
				ENABLE_STRICT_OBJC_MSGSEND = YES;
				GCC_C_LANGUAGE_STANDARD = gnu99;
				GCC_NO_COMMON_BLOCKS = YES;
				GCC_WARN_64_TO_32_BIT_CONVERSION = YES;
				GCC_WARN_ABOUT_RETURN_TYPE = YES_ERROR;
				GCC_WARN_UNDECLARED_SELECTOR = YES;
				GCC_WARN_UNINITIALIZED_AUTOS = YES_AGGRESSIVE;
				GCC_WARN_UNUSED_FUNCTION = YES;
				GCC_WARN_UNUSED_VARIABLE = YES;
				IPHONEOS_DEPLOYMENT_TARGET = 9.2;
				MTL_ENABLE_DEBUG_INFO = NO;
				SDKROOT = iphoneos;
				VALIDATE_PRODUCT = YES;
			};
			name = Release;
		};
		E21792F51C79002A0052D414 /* Debug */ = {
			isa = XCBuildConfiguration;
			baseConfigurationReference = 523011C7D94B66F70E231F89 /* Pods.debug.xcconfig */;
			buildSettings = {
				ASSETCATALOG_COMPILER_APPICON_NAME = AppIcon;
				INFOPLIST_FILE = sake_prototype/Info.plist;
				LD_RUNPATH_SEARCH_PATHS = "$(inherited) @executable_path/Frameworks";
				PRODUCT_BUNDLE_IDENTIFIER = "com.liafailboy.sake-prototype";
				PRODUCT_NAME = "$(TARGET_NAME)";
			};
			name = Debug;
		};
		E21792F61C79002A0052D414 /* Release */ = {
			isa = XCBuildConfiguration;
			baseConfigurationReference = DDD512236C8790849EE9DD15 /* Pods.release.xcconfig */;
			buildSettings = {
				ASSETCATALOG_COMPILER_APPICON_NAME = AppIcon;
				INFOPLIST_FILE = sake_prototype/Info.plist;
				LD_RUNPATH_SEARCH_PATHS = "$(inherited) @executable_path/Frameworks";
				PRODUCT_BUNDLE_IDENTIFIER = "com.liafailboy.sake-prototype";
				PRODUCT_NAME = "$(TARGET_NAME)";
			};
			name = Release;
		};
		E21792F81C79002A0052D414 /* Debug */ = {
			isa = XCBuildConfiguration;
			buildSettings = {
				BUNDLE_LOADER = "$(TEST_HOST)";
				INFOPLIST_FILE = sake_prototypeTests/Info.plist;
				LD_RUNPATH_SEARCH_PATHS = "$(inherited) @executable_path/Frameworks @loader_path/Frameworks";
				PRODUCT_BUNDLE_IDENTIFIER = "com.liafailboy.sake-prototypeTests";
				PRODUCT_NAME = "$(TARGET_NAME)";
				TEST_HOST = "$(BUILT_PRODUCTS_DIR)/sake_prototype.app/sake_prototype";
			};
			name = Debug;
		};
		E21792F91C79002A0052D414 /* Release */ = {
			isa = XCBuildConfiguration;
			buildSettings = {
				BUNDLE_LOADER = "$(TEST_HOST)";
				INFOPLIST_FILE = sake_prototypeTests/Info.plist;
				LD_RUNPATH_SEARCH_PATHS = "$(inherited) @executable_path/Frameworks @loader_path/Frameworks";
				PRODUCT_BUNDLE_IDENTIFIER = "com.liafailboy.sake-prototypeTests";
				PRODUCT_NAME = "$(TARGET_NAME)";
				TEST_HOST = "$(BUILT_PRODUCTS_DIR)/sake_prototype.app/sake_prototype";
			};
			name = Release;
		};
		E21792FB1C79002A0052D414 /* Debug */ = {
			isa = XCBuildConfiguration;
			buildSettings = {
				INFOPLIST_FILE = sake_prototypeUITests/Info.plist;
				LD_RUNPATH_SEARCH_PATHS = "$(inherited) @executable_path/Frameworks @loader_path/Frameworks";
				PRODUCT_BUNDLE_IDENTIFIER = "com.liafailboy.sake-prototypeUITests";
				PRODUCT_NAME = "$(TARGET_NAME)";
				TEST_TARGET_NAME = sake_prototype;
				USES_XCTRUNNER = YES;
			};
			name = Debug;
		};
		E21792FC1C79002A0052D414 /* Release */ = {
			isa = XCBuildConfiguration;
			buildSettings = {
				INFOPLIST_FILE = sake_prototypeUITests/Info.plist;
				LD_RUNPATH_SEARCH_PATHS = "$(inherited) @executable_path/Frameworks @loader_path/Frameworks";
				PRODUCT_BUNDLE_IDENTIFIER = "com.liafailboy.sake-prototypeUITests";
				PRODUCT_NAME = "$(TARGET_NAME)";
				TEST_TARGET_NAME = sake_prototype;
				USES_XCTRUNNER = YES;
			};
			name = Release;
		};
/* End XCBuildConfiguration section */

/* Begin XCConfigurationList section */
		E21792C21C79002A0052D414 /* Build configuration list for PBXProject "sake_prototype" */ = {
			isa = XCConfigurationList;
			buildConfigurations = (
				E21792F21C79002A0052D414 /* Debug */,
				E21792F31C79002A0052D414 /* Release */,
			);
			defaultConfigurationIsVisible = 0;
			defaultConfigurationName = Release;
		};
		E21792F41C79002A0052D414 /* Build configuration list for PBXNativeTarget "sake_prototype" */ = {
			isa = XCConfigurationList;
			buildConfigurations = (
				E21792F51C79002A0052D414 /* Debug */,
				E21792F61C79002A0052D414 /* Release */,
			);
			defaultConfigurationIsVisible = 0;
			defaultConfigurationName = Release;
		};
		E21792F71C79002A0052D414 /* Build configuration list for PBXNativeTarget "sake_prototypeTests" */ = {
			isa = XCConfigurationList;
			buildConfigurations = (
				E21792F81C79002A0052D414 /* Debug */,
				E21792F91C79002A0052D414 /* Release */,
			);
			defaultConfigurationIsVisible = 0;
			defaultConfigurationName = Release;
		};
		E21792FA1C79002A0052D414 /* Build configuration list for PBXNativeTarget "sake_prototypeUITests" */ = {
			isa = XCConfigurationList;
			buildConfigurations = (
				E21792FB1C79002A0052D414 /* Debug */,
				E21792FC1C79002A0052D414 /* Release */,
			);
			defaultConfigurationIsVisible = 0;
			defaultConfigurationName = Release;
		};
/* End XCConfigurationList section */
	};
	rootObject = E21792BF1C79002A0052D414 /* Project object */;
}
